
Microsoft Visual Studio Solution File, Format Version 12.00
# Visual Studio Version 17
VisualStudioVersion = 17.14.36518.9 d17.14
MinimumVisualStudioVersion = 10.0.40219.1
Project("{8BC9CEB8-8B4A-11D0-8D11-00A0C91BC942}") = "1", "04.10.2025\04.10.2025.vcxproj", "{C4041CB9-4C4F-43C5-BF8D-2B3962A47329}"
EndProject
Project("{2150E333-8FDC-42A3-9474-1A3956D46DE8}") = "Элементы решения", "Элементы решения", "{754FC069-D67B-A9D7-50A1-8D1CA196D8F1}"
EndProject
Project("{8BC9CEB8-8B4A-11D0-8D11-00A0C91BC942}") = "2", "2\2.vcxproj", "{E5BDD2F4-5EBF-4DC3-9B71-D83D23EE1370}"
EndProject
Project("{8BC9CEB8-8B4A-11D0-8D11-00A0C91BC942}") = "3", "3\3.vcxproj", "{C880839F-B887-459A-AFA6-1A8AF9E8F6ED}"
EndProject
Project("{8BC9CEB8-8B4A-11D0-8D11-00A0C91BC942}") = "4", "4\4.vcxproj", "{C91DCF97-865D-44E1-9A03-D63E9E375A04}"
EndProject
Project("{8BC9CEB8-8B4A-11D0-8D11-00A0C91BC942}") = "5", "5\5.vcxproj", "{F8637BCE-ED21-485A-8E3A-9D45FFA660D8}"
EndProject
Project("{8BC9CEB8-8B4A-11D0-8D11-00A0C91BC942}") = "6", "6\6.vcxproj", "{2D8B4F16-072C-4BEE-98F6-CC297C4890FA}"
EndProject
Project("{8BC9CEB8-8B4A-11D0-8D11-00A0C91BC942}") = "7", "7\7.vcxproj", "{BA609EFE-B7FB-46ED-8884-4C40912ED095}"
EndProject
Project("{8BC9CEB8-8B4A-11D0-8D11-00A0C91BC942}") = "8", "8\8.vcxproj", "{CF04C90B-74F8-4215-85F9-1125B80BDC8D}"
EndProject
Project("{8BC9CEB8-8B4A-11D0-8D11-00A0C91BC942}") = "9", "9\9.vcxproj", "{A373AF39-46D1-4402-89A8-39F03506F4E1}"
EndProject
Project("{8BC9CEB8-8B4A-11D0-8D11-00A0C91BC942}") = "10", "10\10.vcxproj", "{7D10436F-91E4-4834-BED8-2D4B28E57C5E}"
EndProject
Project("{8BC9CEB8-8B4A-11D0-8D11-00A0C91BC942}") = "11", "11\11.vcxproj", "{2F39733B-AAED-4E6A-BAC2-0C999A0787C5}"
EndProject
Project("{8BC9CEB8-8B4A-11D0-8D11-00A0C91BC942}") = "12", "12\12.vcxproj", "{C3C346AA-6F36-4E1E-899C-6FA420B4522B}"
EndProject
Project("{8BC9CEB8-8B4A-11D0-8D11-00A0C91BC942}") = "13", "13\13.vcxproj", "{F6408352-0CA4-4A7B-8781-61B18DCD8D23}"
EndProject
Project("{8BC9CEB8-8B4A-11D0-8D11-00A0C91BC942}") = "14", "14\14.vcxproj", "{F0B6F2FB-ABC0-4763-A0DA-50F785C309F6}"
EndProject
Project("{8BC9CEB8-8B4A-11D0-8D11-00A0C91BC942}") = "15", "15\15.vcxproj", "{9C8FFCC9-B606-4F45-B0AC-BAD9DD46E6BB}"
EndProject
Project("{8BC9CEB8-8B4A-11D0-8D11-00A0C91BC942}") = "16", "16\16.vcxproj", "{78B83984-6188-4CE8-8ADF-8A5239FF305A}"
EndProject
Project("{8BC9CEB8-8B4A-11D0-8D11-00A0C91BC942}") = "17", "17\17.vcxproj", "{B3217FC7-3389-4636-87B8-39605C9CED9C}"
EndProject
Project("{8BC9CEB8-8B4A-11D0-8D11-00A0C91BC942}") = "18", "18\18.vcxproj", "{B62F5DCE-C07B-4886-99BC-A8E775C71F6A}"
EndProject
Project("{8BC9CEB8-8B4A-11D0-8D11-00A0C91BC942}") = "19", "19\19.vcxproj", "{75094510-629A-4CFE-8833-03F82D0208C0}"
EndProject
Project("{8BC9CEB8-8B4A-11D0-8D11-00A0C91BC942}") = "20", "20\20.vcxproj", "{6B13142E-8AE6-4CF9-A87F-1E6BB5800388}"
EndProject
Project("{8BC9CEB8-8B4A-11D0-8D11-00A0C91BC942}") = "21", "21\21.vcxproj", "{0E6D7966-B3A8-48D3-A82C-906704B4AA5A}"
EndProject
Global
	GlobalSection(SolutionConfigurationPlatforms) = preSolution
		Debug|x64 = Debug|x64
		Debug|x86 = Debug|x86
		Release|x64 = Release|x64
		Release|x86 = Release|x86
	EndGlobalSection
	GlobalSection(ProjectConfigurationPlatforms) = postSolution
		{C4041CB9-4C4F-43C5-BF8D-2B3962A47329}.Debug|x64.ActiveCfg = Debug|x64
		{C4041CB9-4C4F-43C5-BF8D-2B3962A47329}.Debug|x64.Build.0 = Debug|x64
		{C4041CB9-4C4F-43C5-BF8D-2B3962A47329}.Debug|x86.ActiveCfg = Debug|Win32
		{C4041CB9-4C4F-43C5-BF8D-2B3962A47329}.Debug|x86.Build.0 = Debug|Win32
		{C4041CB9-4C4F-43C5-BF8D-2B3962A47329}.Release|x64.ActiveCfg = Release|x64
		{C4041CB9-4C4F-43C5-BF8D-2B3962A47329}.Release|x64.Build.0 = Release|x64
		{C4041CB9-4C4F-43C5-BF8D-2B3962A47329}.Release|x86.ActiveCfg = Release|Win32
		{C4041CB9-4C4F-43C5-BF8D-2B3962A47329}.Release|x86.Build.0 = Release|Win32
		{E5BDD2F4-5EBF-4DC3-9B71-D83D23EE1370}.Debug|x64.ActiveCfg = Debug|x64
		{E5BDD2F4-5EBF-4DC3-9B71-D83D23EE1370}.Debug|x64.Build.0 = Debug|x64
		{E5BDD2F4-5EBF-4DC3-9B71-D83D23EE1370}.Debug|x86.ActiveCfg = Debug|Win32
		{E5BDD2F4-5EBF-4DC3-9B71-D83D23EE1370}.Debug|x86.Build.0 = Debug|Win32
		{E5BDD2F4-5EBF-4DC3-9B71-D83D23EE1370}.Release|x64.ActiveCfg = Release|x64
		{E5BDD2F4-5EBF-4DC3-9B71-D83D23EE1370}.Release|x64.Build.0 = Release|x64
		{E5BDD2F4-5EBF-4DC3-9B71-D83D23EE1370}.Release|x86.ActiveCfg = Release|Win32
		{E5BDD2F4-5EBF-4DC3-9B71-D83D23EE1370}.Release|x86.Build.0 = Release|Win32
		{C880839F-B887-459A-AFA6-1A8AF9E8F6ED}.Debug|x64.ActiveCfg = Debug|x64
		{C880839F-B887-459A-AFA6-1A8AF9E8F6ED}.Debug|x64.Build.0 = Debug|x64
		{C880839F-B887-459A-AFA6-1A8AF9E8F6ED}.Debug|x86.ActiveCfg = Debug|Win32
		{C880839F-B887-459A-AFA6-1A8AF9E8F6ED}.Debug|x86.Build.0 = Debug|Win32
		{C880839F-B887-459A-AFA6-1A8AF9E8F6ED}.Release|x64.ActiveCfg = Release|x64
		{C880839F-B887-459A-AFA6-1A8AF9E8F6ED}.Release|x64.Build.0 = Release|x64
		{C880839F-B887-459A-AFA6-1A8AF9E8F6ED}.Release|x86.ActiveCfg = Release|Win32
		{C880839F-B887-459A-AFA6-1A8AF9E8F6ED}.Release|x86.Build.0 = Release|Win32
		{C91DCF97-865D-44E1-9A03-D63E9E375A04}.Debug|x64.ActiveCfg = Debug|x64
		{C91DCF97-865D-44E1-9A03-D63E9E375A04}.Debug|x64.Build.0 = Debug|x64
		{C91DCF97-865D-44E1-9A03-D63E9E375A04}.Debug|x86.ActiveCfg = Debug|Win32
		{C91DCF97-865D-44E1-9A03-D63E9E375A04}.Debug|x86.Build.0 = Debug|Win32
		{C91DCF97-865D-44E1-9A03-D63E9E375A04}.Release|x64.ActiveCfg = Release|x64
		{C91DCF97-865D-44E1-9A03-D63E9E375A04}.Release|x64.Build.0 = Release|x64
		{C91DCF97-865D-44E1-9A03-D63E9E375A04}.Release|x86.ActiveCfg = Release|Win32
		{C91DCF97-865D-44E1-9A03-D63E9E375A04}.Release|x86.Build.0 = Release|Win32
		{F8637BCE-ED21-485A-8E3A-9D45FFA660D8}.Debug|x64.ActiveCfg = Debug|x64
		{F8637BCE-ED21-485A-8E3A-9D45FFA660D8}.Debug|x64.Build.0 = Debug|x64
		{F8637BCE-ED21-485A-8E3A-9D45FFA660D8}.Debug|x86.ActiveCfg = Debug|Win32
		{F8637BCE-ED21-485A-8E3A-9D45FFA660D8}.Debug|x86.Build.0 = Debug|Win32
		{F8637BCE-ED21-485A-8E3A-9D45FFA660D8}.Release|x64.ActiveCfg = Release|x64
		{F8637BCE-ED21-485A-8E3A-9D45FFA660D8}.Release|x64.Build.0 = Release|x64
		{F8637BCE-ED21-485A-8E3A-9D45FFA660D8}.Release|x86.ActiveCfg = Release|Win32
		{F8637BCE-ED21-485A-8E3A-9D45FFA660D8}.Release|x86.Build.0 = Release|Win32
		{2D8B4F16-072C-4BEE-98F6-CC297C4890FA}.Debug|x64.ActiveCfg = Debug|x64
		{2D8B4F16-072C-4BEE-98F6-CC297C4890FA}.Debug|x64.Build.0 = Debug|x64
		{2D8B4F16-072C-4BEE-98F6-CC297C4890FA}.Debug|x86.ActiveCfg = Debug|Win32
		{2D8B4F16-072C-4BEE-98F6-CC297C4890FA}.Debug|x86.Build.0 = Debug|Win32
		{2D8B4F16-072C-4BEE-98F6-CC297C4890FA}.Release|x64.ActiveCfg = Release|x64
		{2D8B4F16-072C-4BEE-98F6-CC297C4890FA}.Release|x64.Build.0 = Release|x64
		{2D8B4F16-072C-4BEE-98F6-CC297C4890FA}.Release|x86.ActiveCfg = Release|Win32
		{2D8B4F16-072C-4BEE-98F6-CC297C4890FA}.Release|x86.Build.0 = Release|Win32
		{BA609EFE-B7FB-46ED-8884-4C40912ED095}.Debug|x64.ActiveCfg = Debug|x64
		{BA609EFE-B7FB-46ED-8884-4C40912ED095}.Debug|x64.Build.0 = Debug|x64
		{BA609EFE-B7FB-46ED-8884-4C40912ED095}.Debug|x86.ActiveCfg = Debug|Win32
		{BA609EFE-B7FB-46ED-8884-4C40912ED095}.Debug|x86.Build.0 = Debug|Win32
		{BA609EFE-B7FB-46ED-8884-4C40912ED095}.Release|x64.ActiveCfg = Release|x64
		{BA609EFE-B7FB-46ED-8884-4C40912ED095}.Release|x64.Build.0 = Release|x64
		{BA609EFE-B7FB-46ED-8884-4C40912ED095}.Release|x86.ActiveCfg = Release|Win32
		{BA609EFE-B7FB-46ED-8884-4C40912ED095}.Release|x86.Build.0 = Release|Win32
		{CF04C90B-74F8-4215-85F9-1125B80BDC8D}.Debug|x64.ActiveCfg = Debug|x64
		{CF04C90B-74F8-4215-85F9-1125B80BDC8D}.Debug|x64.Build.0 = Debug|x64
		{CF04C90B-74F8-4215-85F9-1125B80BDC8D}.Debug|x86.ActiveCfg = Debug|Win32
		{CF04C90B-74F8-4215-85F9-1125B80BDC8D}.Debug|x86.Build.0 = Debug|Win32
		{CF04C90B-74F8-4215-85F9-1125B80BDC8D}.Release|x64.ActiveCfg = Release|x64
		{CF04C90B-74F8-4215-85F9-1125B80BDC8D}.Release|x64.Build.0 = Release|x64
		{CF04C90B-74F8-4215-85F9-1125B80BDC8D}.Release|x86.ActiveCfg = Release|Win32
		{CF04C90B-74F8-4215-85F9-1125B80BDC8D}.Release|x86.Build.0 = Release|Win32
		{A373AF39-46D1-4402-89A8-39F03506F4E1}.Debug|x64.ActiveCfg = Debug|x64
		{A373AF39-46D1-4402-89A8-39F03506F4E1}.Debug|x64.Build.0 = Debug|x64
		{A373AF39-46D1-4402-89A8-39F03506F4E1}.Debug|x86.ActiveCfg = Debug|Win32
		{A373AF39-46D1-4402-89A8-39F03506F4E1}.Debug|x86.Build.0 = Debug|Win32
		{A373AF39-46D1-4402-89A8-39F03506F4E1}.Release|x64.ActiveCfg = Release|x64
		{A373AF39-46D1-4402-89A8-39F03506F4E1}.Release|x64.Build.0 = Release|x64
		{A373AF39-46D1-4402-89A8-39F03506F4E1}.Release|x86.ActiveCfg = Release|Win32
		{A373AF39-46D1-4402-89A8-39F03506F4E1}.Release|x86.Build.0 = Release|Win32
		{7D10436F-91E4-4834-BED8-2D4B28E57C5E}.Debug|x64.ActiveCfg = Debug|x64
		{7D10436F-91E4-4834-BED8-2D4B28E57C5E}.Debug|x64.Build.0 = Debug|x64
		{7D10436F-91E4-4834-BED8-2D4B28E57C5E}.Debug|x86.ActiveCfg = Debug|Win32
		{7D10436F-91E4-4834-BED8-2D4B28E57C5E}.Debug|x86.Build.0 = Debug|Win32
		{7D10436F-91E4-4834-BED8-2D4B28E57C5E}.Release|x64.ActiveCfg = Release|x64
		{7D10436F-91E4-4834-BED8-2D4B28E57C5E}.Release|x64.Build.0 = Release|x64
		{7D10436F-91E4-4834-BED8-2D4B28E57C5E}.Release|x86.ActiveCfg = Release|Win32
		{7D10436F-91E4-4834-BED8-2D4B28E57C5E}.Release|x86.Build.0 = Release|Win32
		{2F39733B-AAED-4E6A-BAC2-0C999A0787C5}.Debug|x64.ActiveCfg = Debug|x64
		{2F39733B-AAED-4E6A-BAC2-0C999A0787C5}.Debug|x64.Build.0 = Debug|x64
		{2F39733B-AAED-4E6A-BAC2-0C999A0787C5}.Debug|x86.ActiveCfg = Debug|Win32
		{2F39733B-AAED-4E6A-BAC2-0C999A0787C5}.Debug|x86.Build.0 = Debug|Win32
		{2F39733B-AAED-4E6A-BAC2-0C999A0787C5}.Release|x64.ActiveCfg = Release|x64
		{2F39733B-AAED-4E6A-BAC2-0C999A0787C5}.Release|x64.Build.0 = Release|x64
		{2F39733B-AAED-4E6A-BAC2-0C999A0787C5}.Release|x86.ActiveCfg = Release|Win32
		{2F39733B-AAED-4E6A-BAC2-0C999A0787C5}.Release|x86.Build.0 = Release|Win32
		{C3C346AA-6F36-4E1E-899C-6FA420B4522B}.Debug|x64.ActiveCfg = Debug|x64
		{C3C346AA-6F36-4E1E-899C-6FA420B4522B}.Debug|x64.Build.0 = Debug|x64
		{C3C346AA-6F36-4E1E-899C-6FA420B4522B}.Debug|x86.ActiveCfg = Debug|Win32
		{C3C346AA-6F36-4E1E-899C-6FA420B4522B}.Debug|x86.Build.0 = Debug|Win32
		{C3C346AA-6F36-4E1E-899C-6FA420B4522B}.Release|x64.ActiveCfg = Release|x64
		{C3C346AA-6F36-4E1E-899C-6FA420B4522B}.Release|x64.Build.0 = Release|x64
		{C3C346AA-6F36-4E1E-899C-6FA420B4522B}.Release|x86.ActiveCfg = Release|Win32
		{C3C346AA-6F36-4E1E-899C-6FA420B4522B}.Release|x86.Build.0 = Release|Win32
		{F6408352-0CA4-4A7B-8781-61B18DCD8D23}.Debug|x64.ActiveCfg = Debug|x64
		{F6408352-0CA4-4A7B-8781-61B18DCD8D23}.Debug|x64.Build.0 = Debug|x64
		{F6408352-0CA4-4A7B-8781-61B18DCD8D23}.Debug|x86.ActiveCfg = Debug|Win32
		{F6408352-0CA4-4A7B-8781-61B18DCD8D23}.Debug|x86.Build.0 = Debug|Win32
		{F6408352-0CA4-4A7B-8781-61B18DCD8D23}.Release|x64.ActiveCfg = Release|x64
		{F6408352-0CA4-4A7B-8781-61B18DCD8D23}.Release|x64.Build.0 = Release|x64
		{F6408352-0CA4-4A7B-8781-61B18DCD8D23}.Release|x86.ActiveCfg = Release|Win32
		{F6408352-0CA4-4A7B-8781-61B18DCD8D23}.Release|x86.Build.0 = Release|Win32
		{F0B6F2FB-ABC0-4763-A0DA-50F785C309F6}.Debug|x64.ActiveCfg = Debug|x64
		{F0B6F2FB-ABC0-4763-A0DA-50F785C309F6}.Debug|x64.Build.0 = Debug|x64
		{F0B6F2FB-ABC0-4763-A0DA-50F785C309F6}.Debug|x86.ActiveCfg = Debug|Win32
		{F0B6F2FB-ABC0-4763-A0DA-50F785C309F6}.Debug|x86.Build.0 = Debug|Win32
		{F0B6F2FB-ABC0-4763-A0DA-50F785C309F6}.Release|x64.ActiveCfg = Release|x64
		{F0B6F2FB-ABC0-4763-A0DA-50F785C309F6}.Release|x64.Build.0 = Release|x64
		{F0B6F2FB-ABC0-4763-A0DA-50F785C309F6}.Release|x86.ActiveCfg = Release|Win32
		{F0B6F2FB-ABC0-4763-A0DA-50F785C309F6}.Release|x86.Build.0 = Release|Win32
		{9C8FFCC9-B606-4F45-B0AC-BAD9DD46E6BB}.Debug|x64.ActiveCfg = Debug|x64
		{9C8FFCC9-B606-4F45-B0AC-BAD9DD46E6BB}.Debug|x64.Build.0 = Debug|x64
		{9C8FFCC9-B606-4F45-B0AC-BAD9DD46E6BB}.Debug|x86.ActiveCfg = Debug|Win32
		{9C8FFCC9-B606-4F45-B0AC-BAD9DD46E6BB}.Debug|x86.Build.0 = Debug|Win32
		{9C8FFCC9-B606-4F45-B0AC-BAD9DD46E6BB}.Release|x64.ActiveCfg = Release|x64
		{9C8FFCC9-B606-4F45-B0AC-BAD9DD46E6BB}.Release|x64.Build.0 = Release|x64
		{9C8FFCC9-B606-4F45-B0AC-BAD9DD46E6BB}.Release|x86.ActiveCfg = Release|Win32
		{9C8FFCC9-B606-4F45-B0AC-BAD9DD46E6BB}.Release|x86.Build.0 = Release|Win32
		{78B83984-6188-4CE8-8ADF-8A5239FF305A}.Debug|x64.ActiveCfg = Debug|x64
		{78B83984-6188-4CE8-8ADF-8A5239FF305A}.Debug|x64.Build.0 = Debug|x64
		{78B83984-6188-4CE8-8ADF-8A5239FF305A}.Debug|x86.ActiveCfg = Debug|Win32
		{78B83984-6188-4CE8-8ADF-8A5239FF305A}.Debug|x86.Build.0 = Debug|Win32
		{78B83984-6188-4CE8-8ADF-8A5239FF305A}.Release|x64.ActiveCfg = Release|x64
		{78B83984-6188-4CE8-8ADF-8A5239FF305A}.Release|x64.Build.0 = Release|x64
		{78B83984-6188-4CE8-8ADF-8A5239FF305A}.Release|x86.ActiveCfg = Release|Win32
		{78B83984-6188-4CE8-8ADF-8A5239FF305A}.Release|x86.Build.0 = Release|Win32
		{B3217FC7-3389-4636-87B8-39605C9CED9C}.Debug|x64.ActiveCfg = Debug|x64
		{B3217FC7-3389-4636-87B8-39605C9CED9C}.Debug|x64.Build.0 = Debug|x64
		{B3217FC7-3389-4636-87B8-39605C9CED9C}.Debug|x86.ActiveCfg = Debug|Win32
		{B3217FC7-3389-4636-87B8-39605C9CED9C}.Debug|x86.Build.0 = Debug|Win32
		{B3217FC7-3389-4636-87B8-39605C9CED9C}.Release|x64.ActiveCfg = Release|x64
		{B3217FC7-3389-4636-87B8-39605C9CED9C}.Release|x64.Build.0 = Release|x64
		{B3217FC7-3389-4636-87B8-39605C9CED9C}.Release|x86.ActiveCfg = Release|Win32
		{B3217FC7-3389-4636-87B8-39605C9CED9C}.Release|x86.Build.0 = Release|Win32
		{B62F5DCE-C07B-4886-99BC-A8E775C71F6A}.Debug|x64.ActiveCfg = Debug|x64
		{B62F5DCE-C07B-4886-99BC-A8E775C71F6A}.Debug|x64.Build.0 = Debug|x64
		{B62F5DCE-C07B-4886-99BC-A8E775C71F6A}.Debug|x86.ActiveCfg = Debug|Win32
		{B62F5DCE-C07B-4886-99BC-A8E775C71F6A}.Debug|x86.Build.0 = Debug|Win32
		{B62F5DCE-C07B-4886-99BC-A8E775C71F6A}.Release|x64.ActiveCfg = Release|x64
		{B62F5DCE-C07B-4886-99BC-A8E775C71F6A}.Release|x64.Build.0 = Release|x64
		{B62F5DCE-C07B-4886-99BC-A8E775C71F6A}.Release|x86.ActiveCfg = Release|Win32
		{B62F5DCE-C07B-4886-99BC-A8E775C71F6A}.Release|x86.Build.0 = Release|Win32
		{75094510-629A-4CFE-8833-03F82D0208C0}.Debug|x64.ActiveCfg = Debug|x64
		{75094510-629A-4CFE-8833-03F82D0208C0}.Debug|x64.Build.0 = Debug|x64
		{75094510-629A-4CFE-8833-03F82D0208C0}.Debug|x86.ActiveCfg = Debug|Win32
		{75094510-629A-4CFE-8833-03F82D0208C0}.Debug|x86.Build.0 = Debug|Win32
		{75094510-629A-4CFE-8833-03F82D0208C0}.Release|x64.ActiveCfg = Release|x64
		{75094510-629A-4CFE-8833-03F82D0208C0}.Release|x64.Build.0 = Release|x64
		{75094510-629A-4CFE-8833-03F82D0208C0}.Release|x86.ActiveCfg = Release|Win32
		{75094510-629A-4CFE-8833-03F82D0208C0}.Release|x86.Build.0 = Release|Win32
		{6B13142E-8AE6-4CF9-A87F-1E6BB5800388}.Debug|x64.ActiveCfg = Debug|x64
		{6B13142E-8AE6-4CF9-A87F-1E6BB5800388}.Debug|x64.Build.0 = Debug|x64
		{6B13142E-8AE6-4CF9-A87F-1E6BB5800388}.Debug|x86.ActiveCfg = Debug|Win32
		{6B13142E-8AE6-4CF9-A87F-1E6BB5800388}.Debug|x86.Build.0 = Debug|Win32
		{6B13142E-8AE6-4CF9-A87F-1E6BB5800388}.Release|x64.ActiveCfg = Release|x64
		{6B13142E-8AE6-4CF9-A87F-1E6BB5800388}.Release|x64.Build.0 = Release|x64
		{6B13142E-8AE6-4CF9-A87F-1E6BB5800388}.Release|x86.ActiveCfg = Release|Win32
		{6B13142E-8AE6-4CF9-A87F-1E6BB5800388}.Release|x86.Build.0 = Release|Win32
		{0E6D7966-B3A8-48D3-A82C-906704B4AA5A}.Debug|x64.ActiveCfg = Debug|x64
		{0E6D7966-B3A8-48D3-A82C-906704B4AA5A}.Debug|x64.Build.0 = Debug|x64
		{0E6D7966-B3A8-48D3-A82C-906704B4AA5A}.Debug|x86.ActiveCfg = Debug|Win32
		{0E6D7966-B3A8-48D3-A82C-906704B4AA5A}.Debug|x86.Build.0 = Debug|Win32
		{0E6D7966-B3A8-48D3-A82C-906704B4AA5A}.Release|x64.ActiveCfg = Release|x64
		{0E6D7966-B3A8-48D3-A82C-906704B4AA5A}.Release|x64.Build.0 = Release|x64
		{0E6D7966-B3A8-48D3-A82C-906704B4AA5A}.Release|x86.ActiveCfg = Release|Win32
		{0E6D7966-B3A8-48D3-A82C-906704B4AA5A}.Release|x86.Build.0 = Release|Win32
	EndGlobalSection
	GlobalSection(SolutionProperties) = preSolution
		HideSolutionNode = FALSE
	EndGlobalSection
	GlobalSection(ExtensibilityGlobals) = postSolution
		SolutionGuid = {6901193D-A4A1-4B42-BC58-E9DB8834CEF6}
	EndGlobalSection
EndGlobal
